
Microsoft Visual Studio Solution File, Format Version 12.00
# Visual Studio Version 17
VisualStudioVersion = 17.11.35222.181
MinimumVisualStudioVersion = 10.0.40219.1
Project("{FAE04EC0-301F-11D3-BF4B-00C04F79EFBC}") = "Xtra Blog", "Xtra Blog.csproj", "{03777C6B-7052-4990-A32C-EB94C2D920B8}"
EndProject
Global
	GlobalSection(SolutionConfigurationPlatforms) = preSolution
		Debug|Any CPU = Debug|Any CPU
		Release|Any CPU = Release|Any CPU
	EndGlobalSection
	GlobalSection(ProjectConfigurationPlatforms) = postSolution
		{03777C6B-7052-4990-A32C-EB94C2D920B8}.Debug|Any CPU.ActiveCfg = Debug|Any CPU
		{03777C6B-7052-4990-A32C-EB94C2D920B8}.Debug|Any CPU.Build.0 = Debug|Any CPU
		{03777C6B-7052-4990-A32C-EB94C2D920B8}.Release|Any CPU.ActiveCfg = Release|Any CPU
		{03777C6B-7052-4990-A32C-EB94C2D920B8}.Release|Any CPU.Build.0 = Release|Any CPU
	EndGlobalSection
	GlobalSection(SolutionProperties) = preSolution
		HideSolutionNode = FALSE
	EndGlobalSection
	GlobalSection(ExtensibilityGlobals) = postSolution
		SolutionGuid = {7278BD9E-A1B9-4245-AD29-D87219354EF6}
	EndGlobalSection
EndGlobal
