
Microsoft Visual Studio Solution File, Format Version 12.00
# Visual Studio Version 17
VisualStudioVersion = 17.11.35222.181
MinimumVisualStudioVersion = 10.0.40219.1
Project("{9A19103F-16F7-4668-BE54-9A1E7A4F7556}") = "TraversalProject", "TraversalProject.csproj", "{32B12453-7249-4A0B-923E-AAE73C2A1D95}"
EndProject
Project("{9A19103F-16F7-4668-BE54-9A1E7A4F7556}") = "EntityLayer", "..\EntityLayer\EntityLayer.csproj", "{6AA22904-84DA-41AC-814C-068837E50D94}"
EndProject
Project("{9A19103F-16F7-4668-BE54-9A1E7A4F7556}") = "BusinessLayer", "..\BusinessLayer\BusinessLayer.csproj", "{7A9E7085-6B79-44EE-847A-29DC4DE13D7D}"
EndProject
Project("{9A19103F-16F7-4668-BE54-9A1E7A4F7556}") = "DataAccessLayer", "..\DataAccessLayer\DataAccessLayer.csproj", "{AA806AF0-D970-4AD5-B3AB-94BCAF191004}"
EndProject
Project("{FAE04EC0-301F-11D3-BF4B-00C04F79EFBC}") = "DTOLayer", "..\DTOLayer\DTOLayer.csproj", "{9A6F5067-4247-4D4E-84EE-98944086C140}"
EndProject
Global
	GlobalSection(SolutionConfigurationPlatforms) = preSolution
		Debug|Any CPU = Debug|Any CPU
		Release|Any CPU = Release|Any CPU
	EndGlobalSection
	GlobalSection(ProjectConfigurationPlatforms) = postSolution
		{32B12453-7249-4A0B-923E-AAE73C2A1D95}.Debug|Any CPU.ActiveCfg = Debug|Any CPU
		{32B12453-7249-4A0B-923E-AAE73C2A1D95}.Debug|Any CPU.Build.0 = Debug|Any CPU
		{32B12453-7249-4A0B-923E-AAE73C2A1D95}.Release|Any CPU.ActiveCfg = Release|Any CPU
		{32B12453-7249-4A0B-923E-AAE73C2A1D95}.Release|Any CPU.Build.0 = Release|Any CPU
		{6AA22904-84DA-41AC-814C-068837E50D94}.Debug|Any CPU.ActiveCfg = Debug|Any CPU
		{6AA22904-84DA-41AC-814C-068837E50D94}.Debug|Any CPU.Build.0 = Debug|Any CPU
		{6AA22904-84DA-41AC-814C-068837E50D94}.Release|Any CPU.ActiveCfg = Release|Any CPU
		{6AA22904-84DA-41AC-814C-068837E50D94}.Release|Any CPU.Build.0 = Release|Any CPU
		{7A9E7085-6B79-44EE-847A-29DC4DE13D7D}.Debug|Any CPU.ActiveCfg = Debug|Any CPU
		{7A9E7085-6B79-44EE-847A-29DC4DE13D7D}.Debug|Any CPU.Build.0 = Debug|Any CPU
		{7A9E7085-6B79-44EE-847A-29DC4DE13D7D}.Release|Any CPU.ActiveCfg = Release|Any CPU
		{7A9E7085-6B79-44EE-847A-29DC4DE13D7D}.Release|Any CPU.Build.0 = Release|Any CPU
		{AA806AF0-D970-4AD5-B3AB-94BCAF191004}.Debug|Any CPU.ActiveCfg = Debug|Any CPU
		{AA806AF0-D970-4AD5-B3AB-94BCAF191004}.Debug|Any CPU.Build.0 = Debug|Any CPU
		{AA806AF0-D970-4AD5-B3AB-94BCAF191004}.Release|Any CPU.ActiveCfg = Release|Any CPU
		{AA806AF0-D970-4AD5-B3AB-94BCAF191004}.Release|Any CPU.Build.0 = Release|Any CPU
		{9A6F5067-4247-4D4E-84EE-98944086C140}.Debug|Any CPU.ActiveCfg = Debug|Any CPU
		{9A6F5067-4247-4D4E-84EE-98944086C140}.Debug|Any CPU.Build.0 = Debug|Any CPU
		{9A6F5067-4247-4D4E-84EE-98944086C140}.Release|Any CPU.ActiveCfg = Release|Any CPU
		{9A6F5067-4247-4D4E-84EE-98944086C140}.Release|Any CPU.Build.0 = Release|Any CPU
	EndGlobalSection
	GlobalSection(SolutionProperties) = preSolution
		HideSolutionNode = FALSE
	EndGlobalSection
	GlobalSection(ExtensibilityGlobals) = postSolution
		SolutionGuid = {8305B281-EC44-4AD4-99DF-E80CEF299671}
	EndGlobalSection
EndGlobal
